
Microsoft Visual Studio Solution File, Format Version 12.00
# Visual Studio Version 17
VisualStudioVersion = 17.7.33808.371
MinimumVisualStudioVersion = 10.0.40219.1
Project("{FAE04EC0-301F-11D3-BF4B-00C04F79EFBC}") = "Task _1_Building a Shape Hierarchy", "Task _1_Building a Shape Hierarchy.csproj", "{3E024F69-71C9-4659-99E6-E0C0A10070A6}"
EndProject
Global
	GlobalSection(SolutionConfigurationPlatforms) = preSolution
		Debug|Any CPU = Debug|Any CPU
		Release|Any CPU = Release|Any CPU
	EndGlobalSection
	GlobalSection(ProjectConfigurationPlatforms) = postSolution
		{3E024F69-71C9-4659-99E6-E0C0A10070A6}.Debug|Any CPU.ActiveCfg = Debug|Any CPU
		{3E024F69-71C9-4659-99E6-E0C0A10070A6}.Debug|Any CPU.Build.0 = Debug|Any CPU
		{3E024F69-71C9-4659-99E6-E0C0A10070A6}.Release|Any CPU.ActiveCfg = Release|Any CPU
		{3E024F69-71C9-4659-99E6-E0C0A10070A6}.Release|Any CPU.Build.0 = Release|Any CPU
	EndGlobalSection
	GlobalSection(SolutionProperties) = preSolution
		HideSolutionNode = FALSE
	EndGlobalSection
	GlobalSection(ExtensibilityGlobals) = postSolution
		SolutionGuid = {54A55DC0-7BE4-49BD-A9E6-275F05A19B74}
	EndGlobalSection
EndGlobal
