
Microsoft Visual Studio Solution File, Format Version 12.00
# Visual Studio Version 17
VisualStudioVersion = 17.7.33808.371
MinimumVisualStudioVersion = 10.0.40219.1
Project("{9A19103F-16F7-4668-BE54-9A1E7A4F7556}") = "Domain", "Core\Domain\Domain.csproj", "{B8630B36-A951-4B9B-8F9F-78CC5B889776}"
EndProject
Project("{9A19103F-16F7-4668-BE54-9A1E7A4F7556}") = "Application", "Core\Application\Application.csproj", "{FFAC3A3C-9D99-4C5B-B77E-B65614D606BA}"
EndProject
Project("{9A19103F-16F7-4668-BE54-9A1E7A4F7556}") = "Persistence", "Infrastructure\Persistence\Persistence.csproj", "{A807128D-3C4D-415D-A6BA-3798454D9A21}"
EndProject
Project("{9A19103F-16F7-4668-BE54-9A1E7A4F7556}") = "API", "API\API.csproj", "{FFCBDE38-AF21-4587-B0EA-43BBB719EC05}"
EndProject
Project("{9A19103F-16F7-4668-BE54-9A1E7A4F7556}") = "Infrastructure", "Infrastructure\Infrastructure\Infrastructure.csproj", "{71AEC3AA-FFFF-46A9-B162-19CA488BE27B}"
EndProject
Project("{FAE04EC0-301F-11D3-BF4B-00C04F79EFBC}") = "Identity", "Infrastructure\Identity\Identity.csproj", "{8FF25C80-9495-4CEB-A534-29CFC491783B}"
EndProject
Global
	GlobalSection(SolutionConfigurationPlatforms) = preSolution
		Debug|Any CPU = Debug|Any CPU
		Release|Any CPU = Release|Any CPU
	EndGlobalSection
	GlobalSection(ProjectConfigurationPlatforms) = postSolution
		{B8630B36-A951-4B9B-8F9F-78CC5B889776}.Debug|Any CPU.ActiveCfg = Debug|Any CPU
		{B8630B36-A951-4B9B-8F9F-78CC5B889776}.Debug|Any CPU.Build.0 = Debug|Any CPU
		{B8630B36-A951-4B9B-8F9F-78CC5B889776}.Release|Any CPU.ActiveCfg = Release|Any CPU
		{B8630B36-A951-4B9B-8F9F-78CC5B889776}.Release|Any CPU.Build.0 = Release|Any CPU
		{FFAC3A3C-9D99-4C5B-B77E-B65614D606BA}.Debug|Any CPU.ActiveCfg = Debug|Any CPU
		{FFAC3A3C-9D99-4C5B-B77E-B65614D606BA}.Debug|Any CPU.Build.0 = Debug|Any CPU
		{FFAC3A3C-9D99-4C5B-B77E-B65614D606BA}.Release|Any CPU.ActiveCfg = Release|Any CPU
		{FFAC3A3C-9D99-4C5B-B77E-B65614D606BA}.Release|Any CPU.Build.0 = Release|Any CPU
		{A807128D-3C4D-415D-A6BA-3798454D9A21}.Debug|Any CPU.ActiveCfg = Debug|Any CPU
		{A807128D-3C4D-415D-A6BA-3798454D9A21}.Debug|Any CPU.Build.0 = Debug|Any CPU
		{A807128D-3C4D-415D-A6BA-3798454D9A21}.Release|Any CPU.ActiveCfg = Release|Any CPU
		{A807128D-3C4D-415D-A6BA-3798454D9A21}.Release|Any CPU.Build.0 = Release|Any CPU
		{FFCBDE38-AF21-4587-B0EA-43BBB719EC05}.Debug|Any CPU.ActiveCfg = Debug|Any CPU
		{FFCBDE38-AF21-4587-B0EA-43BBB719EC05}.Debug|Any CPU.Build.0 = Debug|Any CPU
		{FFCBDE38-AF21-4587-B0EA-43BBB719EC05}.Release|Any CPU.ActiveCfg = Release|Any CPU
		{FFCBDE38-AF21-4587-B0EA-43BBB719EC05}.Release|Any CPU.Build.0 = Release|Any CPU
		{71AEC3AA-FFFF-46A9-B162-19CA488BE27B}.Debug|Any CPU.ActiveCfg = Debug|Any CPU
		{71AEC3AA-FFFF-46A9-B162-19CA488BE27B}.Debug|Any CPU.Build.0 = Debug|Any CPU
		{71AEC3AA-FFFF-46A9-B162-19CA488BE27B}.Release|Any CPU.ActiveCfg = Release|Any CPU
		{71AEC3AA-FFFF-46A9-B162-19CA488BE27B}.Release|Any CPU.Build.0 = Release|Any CPU
		{8FF25C80-9495-4CEB-A534-29CFC491783B}.Debug|Any CPU.ActiveCfg = Debug|Any CPU
		{8FF25C80-9495-4CEB-A534-29CFC491783B}.Debug|Any CPU.Build.0 = Debug|Any CPU
		{8FF25C80-9495-4CEB-A534-29CFC491783B}.Release|Any CPU.ActiveCfg = Release|Any CPU
		{8FF25C80-9495-4CEB-A534-29CFC491783B}.Release|Any CPU.Build.0 = Release|Any CPU
	EndGlobalSection
	GlobalSection(SolutionProperties) = preSolution
		HideSolutionNode = FALSE
	EndGlobalSection
	GlobalSection(ExtensibilityGlobals) = postSolution
		SolutionGuid = {95A84F4F-0E39-4511-965D-30E62225E5FA}
	EndGlobalSection
EndGlobal
